
Microsoft Visual Studio Solution File, Format Version 12.00
# Visual Studio Version 17
VisualStudioVersion = 17.12.35506.116 d17.12
MinimumVisualStudioVersion = 10.0.40219.1
Project("{FAE04EC0-301F-11D3-BF4B-00C04F79EFBC}") = "To Do List Console", "To Do List Console\To Do List Console.csproj", "{08B0A799-F98E-490C-8303-1C8912041126}"
EndProject
Global
	GlobalSection(SolutionConfigurationPlatforms) = preSolution
		Debug|Any CPU = Debug|Any CPU
		Release|Any CPU = Release|Any CPU
	EndGlobalSection
	GlobalSection(ProjectConfigurationPlatforms) = postSolution
		{08B0A799-F98E-490C-8303-1C8912041126}.Debug|Any CPU.ActiveCfg = Debug|Any CPU
		{08B0A799-F98E-490C-8303-1C8912041126}.Debug|Any CPU.Build.0 = Debug|Any CPU
		{08B0A799-F98E-490C-8303-1C8912041126}.Release|Any CPU.ActiveCfg = Release|Any CPU
		{08B0A799-F98E-490C-8303-1C8912041126}.Release|Any CPU.Build.0 = Release|Any CPU
	EndGlobalSection
	GlobalSection(SolutionProperties) = preSolution
		HideSolutionNode = FALSE
	EndGlobalSection
EndGlobal
